
Microsoft Visual Studio Solution File, Format Version 12.00
# Visual Studio 14
VisualStudioVersion = 14.0.25420.1
MinimumVisualStudioVersion = 10.0.40219.1
Project("{FAE04EC0-301F-11D3-BF4B-00C04F79EFBC}") = "SilverlightDemoOne", "SilverlightDemoOne\SilverlightDemoOne.csproj", "{AD38DB57-7AE1-4DC2-954D-189CDFD9F7A0}"
EndProject
Project("{FAE04EC0-301F-11D3-BF4B-00C04F79EFBC}") = "SilverlightDemoOne.Tests", "SilverlightDemoOne.Tests\SilverlightDemoOne.Tests.csproj", "{B718EB0A-65E3-4FC7-9829-955864C0CE1E}"
EndProject
Global
	GlobalSection(SolutionConfigurationPlatforms) = preSolution
		Debug|Any CPU = Debug|Any CPU
		Release|Any CPU = Release|Any CPU
	EndGlobalSection
	GlobalSection(ProjectConfigurationPlatforms) = postSolution
		{AD38DB57-7AE1-4DC2-954D-189CDFD9F7A0}.Debug|Any CPU.ActiveCfg = Debug|Any CPU
		{AD38DB57-7AE1-4DC2-954D-189CDFD9F7A0}.Debug|Any CPU.Build.0 = Debug|Any CPU
		{AD38DB57-7AE1-4DC2-954D-189CDFD9F7A0}.Release|Any CPU.ActiveCfg = Release|Any CPU
		{AD38DB57-7AE1-4DC2-954D-189CDFD9F7A0}.Release|Any CPU.Build.0 = Release|Any CPU
		{B718EB0A-65E3-4FC7-9829-955864C0CE1E}.Debug|Any CPU.ActiveCfg = Debug|Any CPU
		{B718EB0A-65E3-4FC7-9829-955864C0CE1E}.Debug|Any CPU.Build.0 = Debug|Any CPU
		{B718EB0A-65E3-4FC7-9829-955864C0CE1E}.Release|Any CPU.ActiveCfg = Release|Any CPU
		{B718EB0A-65E3-4FC7-9829-955864C0CE1E}.Release|Any CPU.Build.0 = Release|Any CPU
	EndGlobalSection
	GlobalSection(SolutionProperties) = preSolution
		HideSolutionNode = FALSE
	EndGlobalSection
EndGlobal
